
Microsoft Visual Studio Solution File, Format Version 12.00
# Visual Studio Version 17
VisualStudioVersion = 17.5.002.0
MinimumVisualStudioVersion = 10.0.40219.1
Project("{9A19103F-16F7-4668-BE54-9A1E7A4F7556}") = "SPerfomance.DataAccess", "SPerfomance.DataAccess.csproj", "{0FD6051D-B621-4C83-A559-52D365083558}"
EndProject
Global
	GlobalSection(SolutionConfigurationPlatforms) = preSolution
		Debug|Any CPU = Debug|Any CPU
		Release|Any CPU = Release|Any CPU
	EndGlobalSection
	GlobalSection(ProjectConfigurationPlatforms) = postSolution
		{0FD6051D-B621-4C83-A559-52D365083558}.Debug|Any CPU.ActiveCfg = Debug|Any CPU
		{0FD6051D-B621-4C83-A559-52D365083558}.Debug|Any CPU.Build.0 = Debug|Any CPU
		{0FD6051D-B621-4C83-A559-52D365083558}.Release|Any CPU.ActiveCfg = Release|Any CPU
		{0FD6051D-B621-4C83-A559-52D365083558}.Release|Any CPU.Build.0 = Release|Any CPU
	EndGlobalSection
	GlobalSection(SolutionProperties) = preSolution
		HideSolutionNode = FALSE
	EndGlobalSection
	GlobalSection(ExtensibilityGlobals) = postSolution
		SolutionGuid = {B6A10C06-B93D-43D1-86C1-0C57694D0B16}
	EndGlobalSection
EndGlobal
