
Microsoft Visual Studio Solution File, Format Version 12.00
# Visual Studio Version 17
VisualStudioVersion = 17.0.31903.59
MinimumVisualStudioVersion = 10.0.40219.1
Project("{FAE04EC0-301F-11D3-BF4B-00C04F79EFBC}") = "SPerfomance.Domain.Module.Shared", "SPerfomance.Domain.Module.Shared\SPerfomance.Domain.Module.Shared.csproj", "{37656E64-339F-4C9D-95BA-15BEDBF5912D}"
EndProject
Project("{FAE04EC0-301F-11D3-BF4B-00C04F79EFBC}") = "SPerfomance.DataAccess.Module.Shared", "SPerfomance.DataAccess.Module.Shared\SPerfomance.DataAccess.Module.Shared.csproj", "{CEC1266E-6E7A-4E0C-8047-346F0DDC76A3}"
EndProject
Project("{FAE04EC0-301F-11D3-BF4B-00C04F79EFBC}") = "SPerfomance.Application.Shared.Module", "SPerfomance.Application.Shared.Module\SPerfomance.Application.Shared.Module.csproj", "{4D1711D0-F6F7-4FFF-8822-FC9FB74E919E}"
EndProject
Project("{FAE04EC0-301F-11D3-BF4B-00C04F79EFBC}") = "SPerfomance.Api.Module", "SPerfomance.Api.Module\SPerfomance.Api.Module.csproj", "{8119790A-5CB4-44DA-9198-24B97199C793}"
EndProject
Project("{FAE04EC0-301F-11D3-BF4B-00C04F79EFBC}") = "SPerfomance.Tests.Module", "SPerfomance.Tests.Module\SPerfomance.Tests.Module.csproj", "{F31D8FD4-1D02-4937-BEAA-8D09E90F6B4C}"
EndProject
Project("{FAE04EC0-301F-11D3-BF4B-00C04F79EFBC}") = "SPerfomance.Application.TeacherDepartments.Module", "SPerfomance.Application.TeacherDepartments.Module\SPerfomance.Application.TeacherDepartments.Module.csproj", "{357F2430-AC19-4A41-BC1B-EF9D62251139}"
EndProject
Project("{FAE04EC0-301F-11D3-BF4B-00C04F79EFBC}") = "SPerfomance.Application.EducationDirections.Module", "SPerfomance.Application.EducationDirections.Module\SPerfomance.Application.EducationDirections.Module.csproj", "{20E6814F-7B2E-4DC1-AF2A-85C34A510193}"
EndProject
Project("{FAE04EC0-301F-11D3-BF4B-00C04F79EFBC}") = "SPerfomance.Application.EducationPlans.Module", "SPerfomance.Application.EducationPlans.Module\SPerfomance.Application.EducationPlans.Module.csproj", "{8B20A0CC-4722-49C4-98E8-589765519122}"
EndProject
Project("{FAE04EC0-301F-11D3-BF4B-00C04F79EFBC}") = "SPerfomance.Application.Teachers.Module", "SPerfomance.Application.Teachers.Module\SPerfomance.Application.Teachers.Module.csproj", "{A6FB6076-FC95-4D96-9B7D-40B3286A85F3}"
EndProject
Project("{FAE04EC0-301F-11D3-BF4B-00C04F79EFBC}") = "SPerfomance.Application.StudentGroups.Module", "SPerfomance.Application.StudentGroups.Module\SPerfomance.Application.StudentGroups.Module.csproj", "{3A9EB4CE-5C8E-4E4F-B2B3-53B46CAB8D5C}"
EndProject
Project("{FAE04EC0-301F-11D3-BF4B-00C04F79EFBC}") = "SPerfomance.Application.Students.Module", "SPerfomance.Application.Students.Module\SPerfomance.Application.Students.Module.csproj", "{0F9DF1A3-078B-4912-ACAD-C65EF68F4C63}"
EndProject
Project("{FAE04EC0-301F-11D3-BF4B-00C04F79EFBC}") = "SPerfomance.Application.Semester.Module", "SPerfomance.Application.Semester.Module\SPerfomance.Application.Semester.Module.csproj", "{B2DB7310-DFAD-44F7-9C4B-71C1729D4F79}"
EndProject
Project("{FAE04EC0-301F-11D3-BF4B-00C04F79EFBC}") = "SPerfomance.Application.SemesterPlans.Module", "SPerfomance.Application.SemesterPlans.Module\SPerfomance.Application.SemesterPlans.Module.csproj", "{3D01C2F8-BC6C-410B-9959-CEC4BD6FFD89}"
EndProject
Project("{FAE04EC0-301F-11D3-BF4B-00C04F79EFBC}") = "SPerfomance.Application.Shared.Users.Module", "SPerfomance.Application.Shared.Users.Module\SPerfomance.Application.Shared.Users.Module.csproj", "{C72C9DC9-C1FB-4FFC-98F7-C3713207580C}"
EndProject
Global
	GlobalSection(SolutionConfigurationPlatforms) = preSolution
		Debug|Any CPU = Debug|Any CPU
		Release|Any CPU = Release|Any CPU
	EndGlobalSection
	GlobalSection(ProjectConfigurationPlatforms) = postSolution
		{37656E64-339F-4C9D-95BA-15BEDBF5912D}.Debug|Any CPU.ActiveCfg = Debug|Any CPU
		{37656E64-339F-4C9D-95BA-15BEDBF5912D}.Debug|Any CPU.Build.0 = Debug|Any CPU
		{37656E64-339F-4C9D-95BA-15BEDBF5912D}.Release|Any CPU.ActiveCfg = Release|Any CPU
		{37656E64-339F-4C9D-95BA-15BEDBF5912D}.Release|Any CPU.Build.0 = Release|Any CPU
		{CEC1266E-6E7A-4E0C-8047-346F0DDC76A3}.Debug|Any CPU.ActiveCfg = Debug|Any CPU
		{CEC1266E-6E7A-4E0C-8047-346F0DDC76A3}.Debug|Any CPU.Build.0 = Debug|Any CPU
		{CEC1266E-6E7A-4E0C-8047-346F0DDC76A3}.Release|Any CPU.ActiveCfg = Release|Any CPU
		{CEC1266E-6E7A-4E0C-8047-346F0DDC76A3}.Release|Any CPU.Build.0 = Release|Any CPU
		{4D1711D0-F6F7-4FFF-8822-FC9FB74E919E}.Debug|Any CPU.ActiveCfg = Debug|Any CPU
		{4D1711D0-F6F7-4FFF-8822-FC9FB74E919E}.Debug|Any CPU.Build.0 = Debug|Any CPU
		{4D1711D0-F6F7-4FFF-8822-FC9FB74E919E}.Release|Any CPU.ActiveCfg = Release|Any CPU
		{4D1711D0-F6F7-4FFF-8822-FC9FB74E919E}.Release|Any CPU.Build.0 = Release|Any CPU
		{8119790A-5CB4-44DA-9198-24B97199C793}.Debug|Any CPU.ActiveCfg = Debug|Any CPU
		{8119790A-5CB4-44DA-9198-24B97199C793}.Debug|Any CPU.Build.0 = Debug|Any CPU
		{8119790A-5CB4-44DA-9198-24B97199C793}.Release|Any CPU.ActiveCfg = Release|Any CPU
		{8119790A-5CB4-44DA-9198-24B97199C793}.Release|Any CPU.Build.0 = Release|Any CPU
		{F31D8FD4-1D02-4937-BEAA-8D09E90F6B4C}.Debug|Any CPU.ActiveCfg = Debug|Any CPU
		{F31D8FD4-1D02-4937-BEAA-8D09E90F6B4C}.Debug|Any CPU.Build.0 = Debug|Any CPU
		{F31D8FD4-1D02-4937-BEAA-8D09E90F6B4C}.Release|Any CPU.ActiveCfg = Release|Any CPU
		{F31D8FD4-1D02-4937-BEAA-8D09E90F6B4C}.Release|Any CPU.Build.0 = Release|Any CPU
		{357F2430-AC19-4A41-BC1B-EF9D62251139}.Debug|Any CPU.ActiveCfg = Debug|Any CPU
		{357F2430-AC19-4A41-BC1B-EF9D62251139}.Debug|Any CPU.Build.0 = Debug|Any CPU
		{357F2430-AC19-4A41-BC1B-EF9D62251139}.Release|Any CPU.ActiveCfg = Release|Any CPU
		{357F2430-AC19-4A41-BC1B-EF9D62251139}.Release|Any CPU.Build.0 = Release|Any CPU
		{20E6814F-7B2E-4DC1-AF2A-85C34A510193}.Debug|Any CPU.ActiveCfg = Debug|Any CPU
		{20E6814F-7B2E-4DC1-AF2A-85C34A510193}.Debug|Any CPU.Build.0 = Debug|Any CPU
		{20E6814F-7B2E-4DC1-AF2A-85C34A510193}.Release|Any CPU.ActiveCfg = Release|Any CPU
		{20E6814F-7B2E-4DC1-AF2A-85C34A510193}.Release|Any CPU.Build.0 = Release|Any CPU
		{8B20A0CC-4722-49C4-98E8-589765519122}.Debug|Any CPU.ActiveCfg = Debug|Any CPU
		{8B20A0CC-4722-49C4-98E8-589765519122}.Debug|Any CPU.Build.0 = Debug|Any CPU
		{8B20A0CC-4722-49C4-98E8-589765519122}.Release|Any CPU.ActiveCfg = Release|Any CPU
		{8B20A0CC-4722-49C4-98E8-589765519122}.Release|Any CPU.Build.0 = Release|Any CPU
		{A6FB6076-FC95-4D96-9B7D-40B3286A85F3}.Debug|Any CPU.ActiveCfg = Debug|Any CPU
		{A6FB6076-FC95-4D96-9B7D-40B3286A85F3}.Debug|Any CPU.Build.0 = Debug|Any CPU
		{A6FB6076-FC95-4D96-9B7D-40B3286A85F3}.Release|Any CPU.ActiveCfg = Release|Any CPU
		{A6FB6076-FC95-4D96-9B7D-40B3286A85F3}.Release|Any CPU.Build.0 = Release|Any CPU
		{3A9EB4CE-5C8E-4E4F-B2B3-53B46CAB8D5C}.Debug|Any CPU.ActiveCfg = Debug|Any CPU
		{3A9EB4CE-5C8E-4E4F-B2B3-53B46CAB8D5C}.Debug|Any CPU.Build.0 = Debug|Any CPU
		{3A9EB4CE-5C8E-4E4F-B2B3-53B46CAB8D5C}.Release|Any CPU.ActiveCfg = Release|Any CPU
		{3A9EB4CE-5C8E-4E4F-B2B3-53B46CAB8D5C}.Release|Any CPU.Build.0 = Release|Any CPU
		{0F9DF1A3-078B-4912-ACAD-C65EF68F4C63}.Debug|Any CPU.ActiveCfg = Debug|Any CPU
		{0F9DF1A3-078B-4912-ACAD-C65EF68F4C63}.Debug|Any CPU.Build.0 = Debug|Any CPU
		{0F9DF1A3-078B-4912-ACAD-C65EF68F4C63}.Release|Any CPU.ActiveCfg = Release|Any CPU
		{0F9DF1A3-078B-4912-ACAD-C65EF68F4C63}.Release|Any CPU.Build.0 = Release|Any CPU
		{B2DB7310-DFAD-44F7-9C4B-71C1729D4F79}.Debug|Any CPU.ActiveCfg = Debug|Any CPU
		{B2DB7310-DFAD-44F7-9C4B-71C1729D4F79}.Debug|Any CPU.Build.0 = Debug|Any CPU
		{B2DB7310-DFAD-44F7-9C4B-71C1729D4F79}.Release|Any CPU.ActiveCfg = Release|Any CPU
		{B2DB7310-DFAD-44F7-9C4B-71C1729D4F79}.Release|Any CPU.Build.0 = Release|Any CPU
		{3D01C2F8-BC6C-410B-9959-CEC4BD6FFD89}.Debug|Any CPU.ActiveCfg = Debug|Any CPU
		{3D01C2F8-BC6C-410B-9959-CEC4BD6FFD89}.Debug|Any CPU.Build.0 = Debug|Any CPU
		{3D01C2F8-BC6C-410B-9959-CEC4BD6FFD89}.Release|Any CPU.ActiveCfg = Release|Any CPU
		{3D01C2F8-BC6C-410B-9959-CEC4BD6FFD89}.Release|Any CPU.Build.0 = Release|Any CPU
		{C72C9DC9-C1FB-4FFC-98F7-C3713207580C}.Debug|Any CPU.ActiveCfg = Debug|Any CPU
		{C72C9DC9-C1FB-4FFC-98F7-C3713207580C}.Debug|Any CPU.Build.0 = Debug|Any CPU
		{C72C9DC9-C1FB-4FFC-98F7-C3713207580C}.Release|Any CPU.ActiveCfg = Release|Any CPU
		{C72C9DC9-C1FB-4FFC-98F7-C3713207580C}.Release|Any CPU.Build.0 = Release|Any CPU
	EndGlobalSection
	GlobalSection(SolutionProperties) = preSolution
		HideSolutionNode = FALSE
	EndGlobalSection
EndGlobal
