
Microsoft Visual Studio Solution File, Format Version 12.00
# Visual Studio Version 17
VisualStudioVersion = 17.0.31903.59
MinimumVisualStudioVersion = 10.0.40219.1
Project("{FAE04EC0-301F-11D3-BF4B-00C04F79EFBC}") = "SPerfomance.Api", "SPerfomance.Api\SPerfomance.Api.csproj", "{EF788931-3C3F-48F2-AF74-A6A392759F24}"
EndProject
Project("{2150E333-8FDC-42A3-9474-1A3956D46DE8}") = "SPerfomance.Shared", "SPerfomance.Shared", "{3D01BD29-2F3B-4C95-8935-62CB2107C629}"
EndProject
Project("{FAE04EC0-301F-11D3-BF4B-00C04F79EFBC}") = "SPerfomance.Domain", "SPerfomance.Shared\SPerfomance.Domain\SPerfomance.Domain.csproj", "{C04BD3A8-40C3-4690-AB30-7BD4F3E48799}"
EndProject
Project("{FAE04EC0-301F-11D3-BF4B-00C04F79EFBC}") = "SPerfomance.DataAccess", "SPerfomance.Shared\SPerfomance.DataAccess\SPerfomance.DataAccess.csproj", "{A3ED0078-2F32-4C2C-B15B-EBD5598C2DB9}"
EndProject
Project("{FAE04EC0-301F-11D3-BF4B-00C04F79EFBC}") = "SPerfomance.Application", "SPerfomance.Shared\SPerfomance.Application\SPerfomance.Application.csproj", "{E8CE6DB0-7528-4D89-BFB7-1FD07CF7C4AC}"
EndProject
Project("{FAE04EC0-301F-11D3-BF4B-00C04F79EFBC}") = "SPerfomance.Statistics.DataAccess", "SPerfomance.Shared\SPerfomance.Statistics.DataAccess\SPerfomance.Statistics.DataAccess.csproj", "{FBA9DC68-BAAA-4C52-A5CC-13FF35A7395F}"
EndProject
Project("{FAE04EC0-301F-11D3-BF4B-00C04F79EFBC}") = "SPerfomance.PasswordRecovery.DataAccess", "SPerfomance.Shared\SPerfomance.PasswordRecovery.DataAccess\SPerfomance.PasswordRecovery.DataAccess.csproj", "{B40B6C56-40C6-458A-AA52-516AB87F3F57}"
EndProject
Project("{FAE04EC0-301F-11D3-BF4B-00C04F79EFBC}") = "SPerfomance.ControlWeekDocuments", "SPerfomance.Shared\SPerfomance.ControlWeekDocuments\SPerfomance.ControlWeekDocuments.csproj", "{EA60BE74-0785-4D74-8FCE-B1751EC396B6}"
EndProject
Global
	GlobalSection(SolutionConfigurationPlatforms) = preSolution
		Debug|Any CPU = Debug|Any CPU
		Release|Any CPU = Release|Any CPU
	EndGlobalSection
	GlobalSection(ProjectConfigurationPlatforms) = postSolution
		{EF788931-3C3F-48F2-AF74-A6A392759F24}.Debug|Any CPU.ActiveCfg = Debug|Any CPU
		{EF788931-3C3F-48F2-AF74-A6A392759F24}.Debug|Any CPU.Build.0 = Debug|Any CPU
		{EF788931-3C3F-48F2-AF74-A6A392759F24}.Release|Any CPU.ActiveCfg = Release|Any CPU
		{EF788931-3C3F-48F2-AF74-A6A392759F24}.Release|Any CPU.Build.0 = Release|Any CPU
		{C04BD3A8-40C3-4690-AB30-7BD4F3E48799}.Debug|Any CPU.ActiveCfg = Debug|Any CPU
		{C04BD3A8-40C3-4690-AB30-7BD4F3E48799}.Debug|Any CPU.Build.0 = Debug|Any CPU
		{C04BD3A8-40C3-4690-AB30-7BD4F3E48799}.Release|Any CPU.ActiveCfg = Release|Any CPU
		{C04BD3A8-40C3-4690-AB30-7BD4F3E48799}.Release|Any CPU.Build.0 = Release|Any CPU
		{A3ED0078-2F32-4C2C-B15B-EBD5598C2DB9}.Debug|Any CPU.ActiveCfg = Debug|Any CPU
		{A3ED0078-2F32-4C2C-B15B-EBD5598C2DB9}.Debug|Any CPU.Build.0 = Debug|Any CPU
		{A3ED0078-2F32-4C2C-B15B-EBD5598C2DB9}.Release|Any CPU.ActiveCfg = Release|Any CPU
		{A3ED0078-2F32-4C2C-B15B-EBD5598C2DB9}.Release|Any CPU.Build.0 = Release|Any CPU
		{E8CE6DB0-7528-4D89-BFB7-1FD07CF7C4AC}.Debug|Any CPU.ActiveCfg = Debug|Any CPU
		{E8CE6DB0-7528-4D89-BFB7-1FD07CF7C4AC}.Debug|Any CPU.Build.0 = Debug|Any CPU
		{E8CE6DB0-7528-4D89-BFB7-1FD07CF7C4AC}.Release|Any CPU.ActiveCfg = Release|Any CPU
		{E8CE6DB0-7528-4D89-BFB7-1FD07CF7C4AC}.Release|Any CPU.Build.0 = Release|Any CPU
		{FBA9DC68-BAAA-4C52-A5CC-13FF35A7395F}.Debug|Any CPU.ActiveCfg = Debug|Any CPU
		{FBA9DC68-BAAA-4C52-A5CC-13FF35A7395F}.Debug|Any CPU.Build.0 = Debug|Any CPU
		{FBA9DC68-BAAA-4C52-A5CC-13FF35A7395F}.Release|Any CPU.ActiveCfg = Release|Any CPU
		{FBA9DC68-BAAA-4C52-A5CC-13FF35A7395F}.Release|Any CPU.Build.0 = Release|Any CPU
		{B40B6C56-40C6-458A-AA52-516AB87F3F57}.Debug|Any CPU.ActiveCfg = Debug|Any CPU
		{B40B6C56-40C6-458A-AA52-516AB87F3F57}.Debug|Any CPU.Build.0 = Debug|Any CPU
		{B40B6C56-40C6-458A-AA52-516AB87F3F57}.Release|Any CPU.ActiveCfg = Release|Any CPU
		{B40B6C56-40C6-458A-AA52-516AB87F3F57}.Release|Any CPU.Build.0 = Release|Any CPU
		{EA60BE74-0785-4D74-8FCE-B1751EC396B6}.Debug|Any CPU.ActiveCfg = Debug|Any CPU
		{EA60BE74-0785-4D74-8FCE-B1751EC396B6}.Debug|Any CPU.Build.0 = Debug|Any CPU
		{EA60BE74-0785-4D74-8FCE-B1751EC396B6}.Release|Any CPU.ActiveCfg = Release|Any CPU
		{EA60BE74-0785-4D74-8FCE-B1751EC396B6}.Release|Any CPU.Build.0 = Release|Any CPU
	EndGlobalSection
	GlobalSection(SolutionProperties) = preSolution
		HideSolutionNode = FALSE
	EndGlobalSection
	GlobalSection(NestedProjects) = preSolution
		{C04BD3A8-40C3-4690-AB30-7BD4F3E48799} = {3D01BD29-2F3B-4C95-8935-62CB2107C629}
		{A3ED0078-2F32-4C2C-B15B-EBD5598C2DB9} = {3D01BD29-2F3B-4C95-8935-62CB2107C629}
		{E8CE6DB0-7528-4D89-BFB7-1FD07CF7C4AC} = {3D01BD29-2F3B-4C95-8935-62CB2107C629}
		{FBA9DC68-BAAA-4C52-A5CC-13FF35A7395F} = {3D01BD29-2F3B-4C95-8935-62CB2107C629}
		{B40B6C56-40C6-458A-AA52-516AB87F3F57} = {3D01BD29-2F3B-4C95-8935-62CB2107C629}
		{EA60BE74-0785-4D74-8FCE-B1751EC396B6} = {3D01BD29-2F3B-4C95-8935-62CB2107C629}
	EndGlobalSection
EndGlobal
