
Microsoft Visual Studio Solution File, Format Version 12.00
# Visual Studio Version 17
VisualStudioVersion = 17.0.31903.59
MinimumVisualStudioVersion = 10.0.40219.1
Project("{FAE04EC0-301F-11D3-BF4B-00C04F79EFBC}") = "SPerfomance.Domain.Module.Shared", "SPerfomance.Domain.Module.Shared\SPerfomance.Domain.Module.Shared.csproj", "{37656E64-339F-4C9D-95BA-15BEDBF5912D}"
EndProject
Project("{FAE04EC0-301F-11D3-BF4B-00C04F79EFBC}") = "SPerfomance.DataAccess.Module.Shared", "SPerfomance.DataAccess.Module.Shared\SPerfomance.DataAccess.Module.Shared.csproj", "{CEC1266E-6E7A-4E0C-8047-346F0DDC76A3}"
EndProject
Project("{FAE04EC0-301F-11D3-BF4B-00C04F79EFBC}") = "SPerfomance.Application.EducationDirections.Module", "SPerfomance.Application.EducationDirections.Module\SPerfomance.Application.EducationDirections.Module.csproj", "{C53DFAC9-E798-46FA-B518-AEDACEF67587}"
EndProject
Project("{FAE04EC0-301F-11D3-BF4B-00C04F79EFBC}") = "SPerfomance.Application.Shared.Module", "SPerfomance.Application.Shared.Module\SPerfomance.Application.Shared.Module.csproj", "{4D1711D0-F6F7-4FFF-8822-FC9FB74E919E}"
EndProject
Project("{FAE04EC0-301F-11D3-BF4B-00C04F79EFBC}") = "SPerfomance.Api.Module", "SPerfomance.Api.Module\SPerfomance.Api.Module.csproj", "{8119790A-5CB4-44DA-9198-24B97199C793}"
EndProject
Project("{FAE04EC0-301F-11D3-BF4B-00C04F79EFBC}") = "SPerfomance.Application.EducationPlans.Module", "SPerfomance.Application.EducationPlans.Module\SPerfomance.Application.EducationPlans.Module.csproj", "{5E8CFE0F-1D5F-4941-A03F-17D3C261CD56}"
EndProject
Project("{FAE04EC0-301F-11D3-BF4B-00C04F79EFBC}") = "SPerfomance.Application.Semesters.Module", "SPerfomance.Application.Semesters.Module\SPerfomance.Application.Semesters.Module.csproj", "{1DFB0CBC-08D3-4A1C-97C4-176EC3401B64}"
EndProject
Project("{FAE04EC0-301F-11D3-BF4B-00C04F79EFBC}") = "SPerfomance.Application.Teachers.Module", "SPerfomance.Application.Teachers.Module\SPerfomance.Application.Teachers.Module.csproj", "{E9780398-BA15-450A-9AB7-BE64CD63328F}"
EndProject
Project("{FAE04EC0-301F-11D3-BF4B-00C04F79EFBC}") = "SPerfomance.Application.StudentGroups.Module", "SPerfomance.Application.StudentGroups.Module\SPerfomance.Application.StudentGroups.Module.csproj", "{686ED5E1-B390-4D9E-9014-387942EC591D}"
EndProject
Project("{FAE04EC0-301F-11D3-BF4B-00C04F79EFBC}") = "SPerfomance.Tests.Module", "SPerfomance.Tests.Module\SPerfomance.Tests.Module.csproj", "{F31D8FD4-1D02-4937-BEAA-8D09E90F6B4C}"
EndProject
Project("{FAE04EC0-301F-11D3-BF4B-00C04F79EFBC}") = "SPerfomance.Application.TeacherDepartments.Module", "SPerfomance.Application.TeacherDepartments.Module\SPerfomance.Application.TeacherDepartments.Module.csproj", "{357F2430-AC19-4A41-BC1B-EF9D62251139}"
EndProject
Project("{FAE04EC0-301F-11D3-BF4B-00C04F79EFBC}") = "SPerfomance.Application.Students.Module", "SPerfomance.Application.Students.Module\SPerfomance.Application.Students.Module.csproj", "{DEEB2F2D-881A-4AE9-B86D-E49A1D2CFAFC}"
EndProject
Global
	GlobalSection(SolutionConfigurationPlatforms) = preSolution
		Debug|Any CPU = Debug|Any CPU
		Release|Any CPU = Release|Any CPU
	EndGlobalSection
	GlobalSection(ProjectConfigurationPlatforms) = postSolution
		{37656E64-339F-4C9D-95BA-15BEDBF5912D}.Debug|Any CPU.ActiveCfg = Debug|Any CPU
		{37656E64-339F-4C9D-95BA-15BEDBF5912D}.Debug|Any CPU.Build.0 = Debug|Any CPU
		{37656E64-339F-4C9D-95BA-15BEDBF5912D}.Release|Any CPU.ActiveCfg = Release|Any CPU
		{37656E64-339F-4C9D-95BA-15BEDBF5912D}.Release|Any CPU.Build.0 = Release|Any CPU
		{CEC1266E-6E7A-4E0C-8047-346F0DDC76A3}.Debug|Any CPU.ActiveCfg = Debug|Any CPU
		{CEC1266E-6E7A-4E0C-8047-346F0DDC76A3}.Debug|Any CPU.Build.0 = Debug|Any CPU
		{CEC1266E-6E7A-4E0C-8047-346F0DDC76A3}.Release|Any CPU.ActiveCfg = Release|Any CPU
		{CEC1266E-6E7A-4E0C-8047-346F0DDC76A3}.Release|Any CPU.Build.0 = Release|Any CPU
		{C53DFAC9-E798-46FA-B518-AEDACEF67587}.Debug|Any CPU.ActiveCfg = Debug|Any CPU
		{C53DFAC9-E798-46FA-B518-AEDACEF67587}.Debug|Any CPU.Build.0 = Debug|Any CPU
		{C53DFAC9-E798-46FA-B518-AEDACEF67587}.Release|Any CPU.ActiveCfg = Release|Any CPU
		{C53DFAC9-E798-46FA-B518-AEDACEF67587}.Release|Any CPU.Build.0 = Release|Any CPU
		{4D1711D0-F6F7-4FFF-8822-FC9FB74E919E}.Debug|Any CPU.ActiveCfg = Debug|Any CPU
		{4D1711D0-F6F7-4FFF-8822-FC9FB74E919E}.Debug|Any CPU.Build.0 = Debug|Any CPU
		{4D1711D0-F6F7-4FFF-8822-FC9FB74E919E}.Release|Any CPU.ActiveCfg = Release|Any CPU
		{4D1711D0-F6F7-4FFF-8822-FC9FB74E919E}.Release|Any CPU.Build.0 = Release|Any CPU
		{8119790A-5CB4-44DA-9198-24B97199C793}.Debug|Any CPU.ActiveCfg = Debug|Any CPU
		{8119790A-5CB4-44DA-9198-24B97199C793}.Debug|Any CPU.Build.0 = Debug|Any CPU
		{8119790A-5CB4-44DA-9198-24B97199C793}.Release|Any CPU.ActiveCfg = Release|Any CPU
		{8119790A-5CB4-44DA-9198-24B97199C793}.Release|Any CPU.Build.0 = Release|Any CPU
		{5E8CFE0F-1D5F-4941-A03F-17D3C261CD56}.Debug|Any CPU.ActiveCfg = Debug|Any CPU
		{5E8CFE0F-1D5F-4941-A03F-17D3C261CD56}.Debug|Any CPU.Build.0 = Debug|Any CPU
		{5E8CFE0F-1D5F-4941-A03F-17D3C261CD56}.Release|Any CPU.ActiveCfg = Release|Any CPU
		{5E8CFE0F-1D5F-4941-A03F-17D3C261CD56}.Release|Any CPU.Build.0 = Release|Any CPU
		{1DFB0CBC-08D3-4A1C-97C4-176EC3401B64}.Debug|Any CPU.ActiveCfg = Debug|Any CPU
		{1DFB0CBC-08D3-4A1C-97C4-176EC3401B64}.Debug|Any CPU.Build.0 = Debug|Any CPU
		{1DFB0CBC-08D3-4A1C-97C4-176EC3401B64}.Release|Any CPU.ActiveCfg = Release|Any CPU
		{1DFB0CBC-08D3-4A1C-97C4-176EC3401B64}.Release|Any CPU.Build.0 = Release|Any CPU
		{E9780398-BA15-450A-9AB7-BE64CD63328F}.Debug|Any CPU.ActiveCfg = Debug|Any CPU
		{E9780398-BA15-450A-9AB7-BE64CD63328F}.Debug|Any CPU.Build.0 = Debug|Any CPU
		{E9780398-BA15-450A-9AB7-BE64CD63328F}.Release|Any CPU.ActiveCfg = Release|Any CPU
		{E9780398-BA15-450A-9AB7-BE64CD63328F}.Release|Any CPU.Build.0 = Release|Any CPU
		{686ED5E1-B390-4D9E-9014-387942EC591D}.Debug|Any CPU.ActiveCfg = Debug|Any CPU
		{686ED5E1-B390-4D9E-9014-387942EC591D}.Debug|Any CPU.Build.0 = Debug|Any CPU
		{686ED5E1-B390-4D9E-9014-387942EC591D}.Release|Any CPU.ActiveCfg = Release|Any CPU
		{686ED5E1-B390-4D9E-9014-387942EC591D}.Release|Any CPU.Build.0 = Release|Any CPU
		{F31D8FD4-1D02-4937-BEAA-8D09E90F6B4C}.Debug|Any CPU.ActiveCfg = Debug|Any CPU
		{F31D8FD4-1D02-4937-BEAA-8D09E90F6B4C}.Debug|Any CPU.Build.0 = Debug|Any CPU
		{F31D8FD4-1D02-4937-BEAA-8D09E90F6B4C}.Release|Any CPU.ActiveCfg = Release|Any CPU
		{F31D8FD4-1D02-4937-BEAA-8D09E90F6B4C}.Release|Any CPU.Build.0 = Release|Any CPU
		{357F2430-AC19-4A41-BC1B-EF9D62251139}.Debug|Any CPU.ActiveCfg = Debug|Any CPU
		{357F2430-AC19-4A41-BC1B-EF9D62251139}.Debug|Any CPU.Build.0 = Debug|Any CPU
		{357F2430-AC19-4A41-BC1B-EF9D62251139}.Release|Any CPU.ActiveCfg = Release|Any CPU
		{357F2430-AC19-4A41-BC1B-EF9D62251139}.Release|Any CPU.Build.0 = Release|Any CPU
		{DEEB2F2D-881A-4AE9-B86D-E49A1D2CFAFC}.Debug|Any CPU.ActiveCfg = Debug|Any CPU
		{DEEB2F2D-881A-4AE9-B86D-E49A1D2CFAFC}.Debug|Any CPU.Build.0 = Debug|Any CPU
		{DEEB2F2D-881A-4AE9-B86D-E49A1D2CFAFC}.Release|Any CPU.ActiveCfg = Release|Any CPU
		{DEEB2F2D-881A-4AE9-B86D-E49A1D2CFAFC}.Release|Any CPU.Build.0 = Release|Any CPU
	EndGlobalSection
	GlobalSection(SolutionProperties) = preSolution
		HideSolutionNode = FALSE
	EndGlobalSection
EndGlobal
