
Microsoft Visual Studio Solution File, Format Version 12.00
# Visual Studio Version 17
VisualStudioVersion = 17.0.31903.59
MinimumVisualStudioVersion = 10.0.40219.1
Project("{FAE04EC0-301F-11D3-BF4B-00C04F79EFBC}") = "StudentPerfomance.Domain", "StudentPerfomance.Domain\StudentPerfomance.Domain.csproj", "{28F38987-C9B9-4ECD-83D8-0E800B9CFB17}"
EndProject
Project("{FAE04EC0-301F-11D3-BF4B-00C04F79EFBC}") = "StudentPerfomance.DataAccess", "StudentPerfomance.DataAccess\StudentPerfomance.DataAccess.csproj", "{1B0F65F5-13C4-4E77-865F-36E713BCDFF0}"
EndProject
Project("{FAE04EC0-301F-11D3-BF4B-00C04F79EFBC}") = "StudentPerfomance.Application", "StudentPerfomance.Application\StudentPerfomance.Application.csproj", "{59B22BA3-EE29-4B49-8D66-9CB604025B9F}"
EndProject
Project("{FAE04EC0-301F-11D3-BF4B-00C04F79EFBC}") = "StudentPerfomance.Api", "StudentPerfomance.Api\StudentPerfomance.Api.csproj", "{D3118970-FDDD-4CBE-8BCD-5DDE118975F9}"
EndProject
Project("{FAE04EC0-301F-11D3-BF4B-00C04F79EFBC}") = "StudentPerfomance.Tests", "StudentPerfomance.Tests\StudentPerfomance.Tests.csproj", "{602863D2-A9AA-4504-AE52-E22DC8D5834E}"
EndProject
Global
	GlobalSection(SolutionConfigurationPlatforms) = preSolution
		Debug|Any CPU = Debug|Any CPU
		Release|Any CPU = Release|Any CPU
	EndGlobalSection
	GlobalSection(ProjectConfigurationPlatforms) = postSolution
		{28F38987-C9B9-4ECD-83D8-0E800B9CFB17}.Debug|Any CPU.ActiveCfg = Debug|Any CPU
		{28F38987-C9B9-4ECD-83D8-0E800B9CFB17}.Debug|Any CPU.Build.0 = Debug|Any CPU
		{28F38987-C9B9-4ECD-83D8-0E800B9CFB17}.Release|Any CPU.ActiveCfg = Release|Any CPU
		{28F38987-C9B9-4ECD-83D8-0E800B9CFB17}.Release|Any CPU.Build.0 = Release|Any CPU
		{1B0F65F5-13C4-4E77-865F-36E713BCDFF0}.Debug|Any CPU.ActiveCfg = Debug|Any CPU
		{1B0F65F5-13C4-4E77-865F-36E713BCDFF0}.Debug|Any CPU.Build.0 = Debug|Any CPU
		{1B0F65F5-13C4-4E77-865F-36E713BCDFF0}.Release|Any CPU.ActiveCfg = Release|Any CPU
		{1B0F65F5-13C4-4E77-865F-36E713BCDFF0}.Release|Any CPU.Build.0 = Release|Any CPU
		{59B22BA3-EE29-4B49-8D66-9CB604025B9F}.Debug|Any CPU.ActiveCfg = Debug|Any CPU
		{59B22BA3-EE29-4B49-8D66-9CB604025B9F}.Debug|Any CPU.Build.0 = Debug|Any CPU
		{59B22BA3-EE29-4B49-8D66-9CB604025B9F}.Release|Any CPU.ActiveCfg = Release|Any CPU
		{59B22BA3-EE29-4B49-8D66-9CB604025B9F}.Release|Any CPU.Build.0 = Release|Any CPU
		{D3118970-FDDD-4CBE-8BCD-5DDE118975F9}.Debug|Any CPU.ActiveCfg = Debug|Any CPU
		{D3118970-FDDD-4CBE-8BCD-5DDE118975F9}.Debug|Any CPU.Build.0 = Debug|Any CPU
		{D3118970-FDDD-4CBE-8BCD-5DDE118975F9}.Release|Any CPU.ActiveCfg = Release|Any CPU
		{D3118970-FDDD-4CBE-8BCD-5DDE118975F9}.Release|Any CPU.Build.0 = Release|Any CPU
		{602863D2-A9AA-4504-AE52-E22DC8D5834E}.Debug|Any CPU.ActiveCfg = Debug|Any CPU
		{602863D2-A9AA-4504-AE52-E22DC8D5834E}.Debug|Any CPU.Build.0 = Debug|Any CPU
		{602863D2-A9AA-4504-AE52-E22DC8D5834E}.Release|Any CPU.ActiveCfg = Release|Any CPU
		{602863D2-A9AA-4504-AE52-E22DC8D5834E}.Release|Any CPU.Build.0 = Release|Any CPU
	EndGlobalSection
	GlobalSection(SolutionProperties) = preSolution
		HideSolutionNode = FALSE
	EndGlobalSection
EndGlobal
